
Microsoft Visual Studio Solution File, Format Version 12.00
# Visual Studio 15
VisualStudioVersion = 15.0.26823.1
MinimumVisualStudioVersion = 10.0.40219.1
Project("{9A19103F-16F7-4668-BE54-9A1E7A4F7556}") = "01.简单工厂模式", "01.简单工厂模式\01.简单工厂模式.csproj", "{41E47326-19B4-4770-93CF-C0E1D4551AD8}"
EndProject
Project("{9A19103F-16F7-4668-BE54-9A1E7A4F7556}") = "02.策略模式", "02.策略模式\02.策略模式.csproj", "{945EB6A2-D8EC-4938-A5B9-EB653DD41C4E}"
EndProject
Project("{FAE04EC0-301F-11D3-BF4B-00C04F79EFBC}") = "03.装饰模式", "03.装饰模式\03.装饰模式.csproj", "{DF74537B-F44B-4FBA-B5C0-F8F28D42AA28}"
EndProject
Global
	GlobalSection(SolutionConfigurationPlatforms) = preSolution
		Debug|Any CPU = Debug|Any CPU
		Release|Any CPU = Release|Any CPU
	EndGlobalSection
	GlobalSection(ProjectConfigurationPlatforms) = postSolution
		{41E47326-19B4-4770-93CF-C0E1D4551AD8}.Debug|Any CPU.ActiveCfg = Debug|Any CPU
		{41E47326-19B4-4770-93CF-C0E1D4551AD8}.Debug|Any CPU.Build.0 = Debug|Any CPU
		{41E47326-19B4-4770-93CF-C0E1D4551AD8}.Release|Any CPU.ActiveCfg = Release|Any CPU
		{41E47326-19B4-4770-93CF-C0E1D4551AD8}.Release|Any CPU.Build.0 = Release|Any CPU
		{945EB6A2-D8EC-4938-A5B9-EB653DD41C4E}.Debug|Any CPU.ActiveCfg = Debug|Any CPU
		{945EB6A2-D8EC-4938-A5B9-EB653DD41C4E}.Debug|Any CPU.Build.0 = Debug|Any CPU
		{945EB6A2-D8EC-4938-A5B9-EB653DD41C4E}.Release|Any CPU.ActiveCfg = Release|Any CPU
		{945EB6A2-D8EC-4938-A5B9-EB653DD41C4E}.Release|Any CPU.Build.0 = Release|Any CPU
		{DF74537B-F44B-4FBA-B5C0-F8F28D42AA28}.Debug|Any CPU.ActiveCfg = Debug|Any CPU
		{DF74537B-F44B-4FBA-B5C0-F8F28D42AA28}.Debug|Any CPU.Build.0 = Debug|Any CPU
		{DF74537B-F44B-4FBA-B5C0-F8F28D42AA28}.Release|Any CPU.ActiveCfg = Release|Any CPU
		{DF74537B-F44B-4FBA-B5C0-F8F28D42AA28}.Release|Any CPU.Build.0 = Release|Any CPU
	EndGlobalSection
	GlobalSection(SolutionProperties) = preSolution
		HideSolutionNode = FALSE
	EndGlobalSection
	GlobalSection(ExtensibilityGlobals) = postSolution
		SolutionGuid = {ECB5ED0F-08B5-4D4D-85C5-70506725B624}
	EndGlobalSection
EndGlobal
